// !$*UTF8*$!
{
	archiveVersion = 1;
	classes = {
	};
	objectVersion = 77;
	objects = {

/* Begin PBXFileReference section */
		4B49B81B2D2215AB00967460 /* base_arena.h */ = {isa = PBXFileReference; lastKnownFileType = sourcecode.c.h; path = base_arena.h; sourceTree = "<group>"; };
		4B49B81C2D2215AB00967460 /* base_arena.c */ = {isa = PBXFileReference; lastKnownFileType = sourcecode.c.c; path = base_arena.c; sourceTree = "<group>"; };
		4B49B81D2D2215AB00967460 /* base_command_line.h */ = {isa = PBXFileReference; lastKnownFileType = sourcecode.c.h; path = base_command_line.h; sourceTree = "<group>"; };
		4B49B81E2D2215AB00967460 /* base_command_line.c */ = {isa = PBXFileReference; lastKnownFileType = sourcecode.c.c; path = base_command_line.c; sourceTree = "<group>"; };
		4B49B81F2D2215AB00967460 /* base_context_cracking.h */ = {isa = PBXFileReference; lastKnownFileType = sourcecode.c.h; path = base_context_cracking.h; sourceTree = "<group>"; };
		4B49B8202D2215AB00967460 /* base_core.h */ = {isa = PBXFileReference; lastKnownFileType = sourcecode.c.h; path = base_core.h; sourceTree = "<group>"; };
		4B49B8212D2215AB00967460 /* base_core.c */ = {isa = PBXFileReference; lastKnownFileType = sourcecode.c.c; path = base_core.c; sourceTree = "<group>"; };
		4B49B8222D2215AB00967460 /* base_entry_point.h */ = {isa = PBXFileReference; lastKnownFileType = sourcecode.c.h; path = base_entry_point.h; sourceTree = "<group>"; };
		4B49B8232D2215AB00967460 /* base_entry_point.c */ = {isa = PBXFileReference; lastKnownFileType = sourcecode.c.c; path = base_entry_point.c; sourceTree = "<group>"; };
		4B49B8242D2215AB00967460 /* base_hash.h */ = {isa = PBXFileReference; lastKnownFileType = sourcecode.c.h; path = base_hash.h; sourceTree = "<group>"; };
		4B49B8252D2215AB00967460 /* base_hash.c */ = {isa = PBXFileReference; lastKnownFileType = sourcecode.c.c; path = base_hash.c; sourceTree = "<group>"; };
		4B49B8262D2215AB00967460 /* base_inc.h */ = {isa = PBXFileReference; lastKnownFileType = sourcecode.c.h; path = base_inc.h; sourceTree = "<group>"; };
		4B49B8272D2215AB00967460 /* base_inc.c */ = {isa = PBXFileReference; lastKnownFileType = sourcecode.c.c; path = base_inc.c; sourceTree = "<group>"; };
		4B49B8282D2215AB00967460 /* base_log.h */ = {isa = PBXFileReference; lastKnownFileType = sourcecode.c.h; path = base_log.h; sourceTree = "<group>"; };
		4B49B8292D2215AB00967460 /* base_log.c */ = {isa = PBXFileReference; lastKnownFileType = sourcecode.c.c; path = base_log.c; sourceTree = "<group>"; };
		4B49B82A2D2215AB00967460 /* base_markup.h */ = {isa = PBXFileReference; lastKnownFileType = sourcecode.c.h; path = base_markup.h; sourceTree = "<group>"; };
		4B49B82B2D2215AB00967460 /* base_markup.c */ = {isa = PBXFileReference; lastKnownFileType = sourcecode.c.c; path = base_markup.c; sourceTree = "<group>"; };
		4B49B82C2D2215AB00967460 /* base_math.h */ = {isa = PBXFileReference; lastKnownFileType = sourcecode.c.h; path = base_math.h; sourceTree = "<group>"; };
		4B49B82D2D2215AB00967460 /* base_math.c */ = {isa = PBXFileReference; lastKnownFileType = sourcecode.c.c; path = base_math.c; sourceTree = "<group>"; };
		4B49B82E2D2215AB00967460 /* base_profile.h */ = {isa = PBXFileReference; lastKnownFileType = sourcecode.c.h; path = base_profile.h; sourceTree = "<group>"; };
		4B49B82F2D2215AB00967460 /* base_strings.h */ = {isa = PBXFileReference; lastKnownFileType = sourcecode.c.h; path = base_strings.h; sourceTree = "<group>"; };
		4B49B8302D2215AB00967460 /* base_strings.c */ = {isa = PBXFileReference; lastKnownFileType = sourcecode.c.c; path = base_strings.c; sourceTree = "<group>"; };
		4B49B8312D2215AB00967460 /* base_thread_context.h */ = {isa = PBXFileReference; lastKnownFileType = sourcecode.c.h; path = base_thread_context.h; sourceTree = "<group>"; };
		4B49B8322D2215AB00967460 /* base_thread_context.c */ = {isa = PBXFileReference; lastKnownFileType = sourcecode.c.c; path = base_thread_context.c; sourceTree = "<group>"; };
		4B49B8342D2215AB00967460 /* os_core_mac.c */ = {isa = PBXFileReference; lastKnownFileType = sourcecode.c.c; path = os_core_mac.c; sourceTree = "<group>"; };
		4B49B8362D2215AB00967460 /* os_core_windows.c */ = {isa = PBXFileReference; lastKnownFileType = sourcecode.c.c; path = os_core_windows.c; sourceTree = "<group>"; };
		4B49B8382D2215AB00967460 /* os_core.h */ = {isa = PBXFileReference; lastKnownFileType = sourcecode.c.h; path = os_core.h; sourceTree = "<group>"; };
		4B49B8392D2215AB00967460 /* os_core.c */ = {isa = PBXFileReference; lastKnownFileType = sourcecode.c.c; path = os_core.c; sourceTree = "<group>"; };
		4B49B83B2D2215AB00967460 /* os_gfx.h */ = {isa = PBXFileReference; lastKnownFileType = sourcecode.c.h; path = os_gfx.h; sourceTree = "<group>"; };
		4B49B83C2D2215AB00967460 /* os_gfx.c */ = {isa = PBXFileReference; lastKnownFileType = sourcecode.c.c; path = os_gfx.c; sourceTree = "<group>"; };
		4B49B83E2D2215AB00967460 /* os_inc.h */ = {isa = PBXFileReference; lastKnownFileType = sourcecode.c.h; path = os_inc.h; sourceTree = "<group>"; };
		4B49B83F2D2215AB00967460 /* os_inc.c */ = {isa = PBXFileReference; lastKnownFileType = sourcecode.c.c; path = os_inc.c; sourceTree = "<group>"; };
		4B49B8442D2215AB00967460 /* chibihash.h */ = {isa = PBXFileReference; lastKnownFileType = sourcecode.c.h; path = chibihash.h; sourceTree = "<group>"; };
		4B49B8452D2215AB00967460 /* chibihash.c */ = {isa = PBXFileReference; lastKnownFileType = sourcecode.c.c; path = chibihash.c; sourceTree = "<group>"; };
		4B49B8472D2215AB00967460 /* stb_sprintf.h */ = {isa = PBXFileReference; lastKnownFileType = sourcecode.c.h; path = stb_sprintf.h; sourceTree = "<group>"; };
		4B9ED8582D8502AF00B40922 /* os_gfx.meta.h */ = {isa = PBXFileReference; lastKnownFileType = sourcecode.c.h; path = os_gfx.meta.h; sourceTree = "<group>"; };
		4B9ED8592D8502AF00B40922 /* os_gfx.meta.c */ = {isa = PBXFileReference; lastKnownFileType = sourcecode.c.c; path = os_gfx.meta.c; sourceTree = "<group>"; };
		4B9ED85B2D8502AF00B40922 /* os_gfx_mac.h */ = {isa = PBXFileReference; lastKnownFileType = sourcecode.c.h; path = os_gfx_mac.h; sourceTree = "<group>"; };
		4B9ED85C2D8502AF00B40922 /* os_gfx_mac.m */ = {isa = PBXFileReference; lastKnownFileType = sourcecode.c.objc; path = os_gfx_mac.m; sourceTree = "<group>"; };
		4B9ED85E2D8502AF00B40922 /* os_gfx_windows.h */ = {isa = PBXFileReference; lastKnownFileType = sourcecode.c.h; path = os_gfx_windows.h; sourceTree = "<group>"; };
		4B9ED85F2D8502AF00B40922 /* os_gfx_windows.c */ = {isa = PBXFileReference; lastKnownFileType = sourcecode.c.c; path = os_gfx_windows.c; sourceTree = "<group>"; };
		4B9ED8622D88E01500B40922 /* metal_main.c */ = {isa = PBXFileReference; lastKnownFileType = sourcecode.c.c; path = metal_main.c; sourceTree = "<group>"; };
		4BD032E22D6E676A00A83C41 /* metagen.h */ = {isa = PBXFileReference; lastKnownFileType = sourcecode.c.h; path = metagen.h; sourceTree = "<group>"; };
		4BD032E32D6E676A00A83C41 /* metagen.c */ = {isa = PBXFileReference; lastKnownFileType = sourcecode.c.c; path = metagen.c; sourceTree = "<group>"; };
		4BDBC2582D8205CC00F69BF6 /* render_d3d11.h */ = {isa = PBXFileReference; lastKnownFileType = sourcecode.c.h; path = render_d3d11.h; sourceTree = "<group>"; };
		4BDBC2592D8205CC00F69BF6 /* render_d3d11.c */ = {isa = PBXFileReference; lastKnownFileType = sourcecode.c.c; path = render_d3d11.c; sourceTree = "<group>"; };
		4BDBC25B2D8205CC00F69BF6 /* render_metal.h */ = {isa = PBXFileReference; lastKnownFileType = sourcecode.c.h; path = render_metal.h; sourceTree = "<group>"; };
		4BDBC25C2D8205CC00F69BF6 /* render_metal.m */ = {isa = PBXFileReference; lastKnownFileType = sourcecode.c.objc; path = render_metal.m; sourceTree = "<group>"; };
		4BDBC25E2D8205CC00F69BF6 /* render_opengl_windows.h */ = {isa = PBXFileReference; lastKnownFileType = sourcecode.c.h; path = render_opengl_windows.h; sourceTree = "<group>"; };
		4BDBC25F2D8205CC00F69BF6 /* render_opengl_windows.c */ = {isa = PBXFileReference; lastKnownFileType = sourcecode.c.c; path = render_opengl_windows.c; sourceTree = "<group>"; };
		4BDBC2612D8205CC00F69BF6 /* render_opengl_common.h */ = {isa = PBXFileReference; lastKnownFileType = sourcecode.c.h; path = render_opengl_common.h; sourceTree = "<group>"; };
		4BDBC2622D8205CC00F69BF6 /* render_opengl_common.c */ = {isa = PBXFileReference; lastKnownFileType = sourcecode.c.c; path = render_opengl_common.c; sourceTree = "<group>"; };
		4BDBC2642D8205CC00F69BF6 /* render.h */ = {isa = PBXFileReference; lastKnownFileType = sourcecode.c.h; path = render.h; sourceTree = "<group>"; };
		4BDBC2652D8205CC00F69BF6 /* render_inc.h */ = {isa = PBXFileReference; lastKnownFileType = sourcecode.c.h; path = render_inc.h; sourceTree = "<group>"; };
		4BDBC2662D8205CC00F69BF6 /* render_inc.c */ = {isa = PBXFileReference; lastKnownFileType = sourcecode.c.c; path = render_inc.c; sourceTree = "<group>"; };
		4BFC7A2E2D5FDAB30053200F /* metagen_main.c */ = {isa = PBXFileReference; lastKnownFileType = sourcecode.c.c; path = metagen_main.c; sourceTree = "<group>"; };
		4BFC7A2F2D5FDAB30053200F /* sample_gen.c */ = {isa = PBXFileReference; lastKnownFileType = sourcecode.c.c; path = sample_gen.c; sourceTree = "<group>"; };
		4BFC7A302D5FDAB30053200F /* sample_gen_meta */ = {isa = PBXFileReference; lastKnownFileType = text; path = sample_gen_meta; sourceTree = "<group>"; };
		4BFC7A312D5FDAB30053200F /* test.meta */ = {isa = PBXFileReference; lastKnownFileType = text; path = test.meta; sourceTree = "<group>"; };
		4BFC7A392D5FDB490053200F /* mdesk.h */ = {isa = PBXFileReference; lastKnownFileType = sourcecode.c.h; path = mdesk.h; sourceTree = "<group>"; };
		4BFC7A3A2D5FDB490053200F /* mdesk.c */ = {isa = PBXFileReference; lastKnownFileType = sourcecode.c.c; path = mdesk.c; sourceTree = "<group>"; };
/* End PBXFileReference section */

/* Begin PBXGroup section */
		4B49B8332D2215AB00967460 /* base */ = {
			isa = PBXGroup;
			children = (
				4B49B81B2D2215AB00967460 /* base_arena.h */,
				4B49B81C2D2215AB00967460 /* base_arena.c */,
				4B49B81D2D2215AB00967460 /* base_command_line.h */,
				4B49B81E2D2215AB00967460 /* base_command_line.c */,
				4B49B81F2D2215AB00967460 /* base_context_cracking.h */,
				4B49B8202D2215AB00967460 /* base_core.h */,
				4B49B8212D2215AB00967460 /* base_core.c */,
				4B49B8222D2215AB00967460 /* base_entry_point.h */,
				4B49B8232D2215AB00967460 /* base_entry_point.c */,
				4B49B8242D2215AB00967460 /* base_hash.h */,
				4B49B8252D2215AB00967460 /* base_hash.c */,
				4B49B8262D2215AB00967460 /* base_inc.h */,
				4B49B8272D2215AB00967460 /* base_inc.c */,
				4B49B8282D2215AB00967460 /* base_log.h */,
				4B49B8292D2215AB00967460 /* base_log.c */,
				4B49B82A2D2215AB00967460 /* base_markup.h */,
				4B49B82B2D2215AB00967460 /* base_markup.c */,
				4B49B82C2D2215AB00967460 /* base_math.h */,
				4B49B82D2D2215AB00967460 /* base_math.c */,
				4B49B82E2D2215AB00967460 /* base_profile.h */,
				4B49B82F2D2215AB00967460 /* base_strings.h */,
				4B49B8302D2215AB00967460 /* base_strings.c */,
				4B49B8312D2215AB00967460 /* base_thread_context.h */,
				4B49B8322D2215AB00967460 /* base_thread_context.c */,
			);
			path = base;
			sourceTree = "<group>";
		};
		4B49B8352D2215AB00967460 /* mac */ = {
			isa = PBXGroup;
			children = (
				4B49B8342D2215AB00967460 /* os_core_mac.c */,
			);
			path = mac;
			sourceTree = "<group>";
		};
		4B49B8372D2215AB00967460 /* windows */ = {
			isa = PBXGroup;
			children = (
				4B49B8362D2215AB00967460 /* os_core_windows.c */,
			);
			path = windows;
			sourceTree = "<group>";
		};
		4B49B83A2D2215AB00967460 /* core */ = {
			isa = PBXGroup;
			children = (
				4B49B8352D2215AB00967460 /* mac */,
				4B49B8372D2215AB00967460 /* windows */,
				4B49B8382D2215AB00967460 /* os_core.h */,
				4B49B8392D2215AB00967460 /* os_core.c */,
			);
			path = core;
			sourceTree = "<group>";
		};
		4B49B83D2D2215AB00967460 /* gfx */ = {
			isa = PBXGroup;
			children = (
				4B9ED85A2D8502AF00B40922 /* generated */,
				4B9ED85D2D8502AF00B40922 /* mac */,
				4B9ED8602D8502AF00B40922 /* windows */,
				4B49B83B2D2215AB00967460 /* os_gfx.h */,
				4B49B83C2D2215AB00967460 /* os_gfx.c */,
			);
			path = gfx;
			sourceTree = "<group>";
		};
		4B49B8402D2215AB00967460 /* os */ = {
			isa = PBXGroup;
			children = (
				4B49B83A2D2215AB00967460 /* core */,
				4B49B83D2D2215AB00967460 /* gfx */,
				4B49B83E2D2215AB00967460 /* os_inc.h */,
				4B49B83F2D2215AB00967460 /* os_inc.c */,
			);
			path = os;
			sourceTree = "<group>";
		};
		4B49B8412D2215AB00967460 /* layers */ = {
			isa = PBXGroup;
			children = (
				4BDBC2672D8205CC00F69BF6 /* render */,
				4B49B8332D2215AB00967460 /* base */,
				4B49B8402D2215AB00967460 /* os */,
				4BFC7A3B2D5FDB490053200F /* mdesk */,
			);
			path = layers;
			sourceTree = "<group>";
		};
		4B49B8432D2215AB00967460 /* local */ = {
			isa = PBXGroup;
			children = (
			);
			path = local;
			sourceTree = "<group>";
		};
		4B49B8462D2215AB00967460 /* chibihash */ = {
			isa = PBXGroup;
			children = (
				4B49B8442D2215AB00967460 /* chibihash.h */,
				4B49B8452D2215AB00967460 /* chibihash.c */,
			);
			path = chibihash;
			sourceTree = "<group>";
		};
		4B49B8482D2215AB00967460 /* stb */ = {
			isa = PBXGroup;
			children = (
				4B49B8472D2215AB00967460 /* stb_sprintf.h */,
			);
			path = stb;
			sourceTree = "<group>";
		};
		4B49B8492D2215AB00967460 /* thirdparty */ = {
			isa = PBXGroup;
			children = (
				4B49B8462D2215AB00967460 /* chibihash */,
				4B49B8482D2215AB00967460 /* stb */,
			);
			path = thirdparty;
			sourceTree = "<group>";
		};
		4B9ED85A2D8502AF00B40922 /* generated */ = {
			isa = PBXGroup;
			children = (
				4B9ED8582D8502AF00B40922 /* os_gfx.meta.h */,
				4B9ED8592D8502AF00B40922 /* os_gfx.meta.c */,
			);
			path = generated;
			sourceTree = "<group>";
		};
		4B9ED85D2D8502AF00B40922 /* mac */ = {
			isa = PBXGroup;
			children = (
				4B9ED85B2D8502AF00B40922 /* os_gfx_mac.h */,
				4B9ED85C2D8502AF00B40922 /* os_gfx_mac.m */,
			);
			path = mac;
			sourceTree = "<group>";
		};
		4B9ED8602D8502AF00B40922 /* windows */ = {
			isa = PBXGroup;
			children = (
				4B9ED85E2D8502AF00B40922 /* os_gfx_windows.h */,
				4B9ED85F2D8502AF00B40922 /* os_gfx_windows.c */,
			);
			path = windows;
			sourceTree = "<group>";
		};
		4B9ED8612D88E01500B40922 /* generated */ = {
			isa = PBXGroup;
			children = (
			);
			path = generated;
			sourceTree = "<group>";
		};
		4B9ED8632D88E01500B40922 /* metal */ = {
			isa = PBXGroup;
			children = (
				4B9ED8612D88E01500B40922 /* generated */,
				4B9ED8622D88E01500B40922 /* metal_main.c */,
			);
			path = metal;
			sourceTree = "<group>";
		};
		4BDBC25A2D8205CC00F69BF6 /* d3d11 */ = {
			isa = PBXGroup;
			children = (
				4BDBC2582D8205CC00F69BF6 /* render_d3d11.h */,
				4BDBC2592D8205CC00F69BF6 /* render_d3d11.c */,
			);
			path = d3d11;
			sourceTree = "<group>";
		};
		4BDBC25D2D8205CC00F69BF6 /* metal */ = {
			isa = PBXGroup;
			children = (
				4BDBC25B2D8205CC00F69BF6 /* render_metal.h */,
				4BDBC25C2D8205CC00F69BF6 /* render_metal.m */,
			);
			path = metal;
			sourceTree = "<group>";
		};
		4BDBC2602D8205CC00F69BF6 /* windows */ = {
			isa = PBXGroup;
			children = (
				4BDBC25E2D8205CC00F69BF6 /* render_opengl_windows.h */,
				4BDBC25F2D8205CC00F69BF6 /* render_opengl_windows.c */,
			);
			path = windows;
			sourceTree = "<group>";
		};
		4BDBC2632D8205CC00F69BF6 /* opengl */ = {
			isa = PBXGroup;
			children = (
				4BDBC2602D8205CC00F69BF6 /* windows */,
				4BDBC2612D8205CC00F69BF6 /* render_opengl_common.h */,
				4BDBC2622D8205CC00F69BF6 /* render_opengl_common.c */,
			);
			path = opengl;
			sourceTree = "<group>";
		};
		4BDBC2672D8205CC00F69BF6 /* render */ = {
			isa = PBXGroup;
			children = (
				4BDBC25A2D8205CC00F69BF6 /* d3d11 */,
				4BDBC25D2D8205CC00F69BF6 /* metal */,
				4BDBC2632D8205CC00F69BF6 /* opengl */,
				4BDBC2642D8205CC00F69BF6 /* render.h */,
				4BDBC2652D8205CC00F69BF6 /* render_inc.h */,
				4BDBC2662D8205CC00F69BF6 /* render_inc.c */,
			);
			path = render;
			sourceTree = "<group>";
		};
		4BEA6DED2D22151800FB4CF2 = {
			isa = PBXGroup;
			children = (
				4B9ED8632D88E01500B40922 /* metal */,
				4BFC7A322D5FDAB30053200F /* metagen */,
				4B49B8412D2215AB00967460 /* layers */,
				4B49B8432D2215AB00967460 /* local */,
				4B49B8492D2215AB00967460 /* thirdparty */,
			);
			sourceTree = "<group>";
		};
		4BFC7A322D5FDAB30053200F /* metagen */ = {
			isa = PBXGroup;
			children = (
				4BD032E22D6E676A00A83C41 /* metagen.h */,
				4BD032E32D6E676A00A83C41 /* metagen.c */,
				4BFC7A2E2D5FDAB30053200F /* metagen_main.c */,
				4BFC7A2F2D5FDAB30053200F /* sample_gen.c */,
				4BFC7A302D5FDAB30053200F /* sample_gen_meta */,
				4BFC7A312D5FDAB30053200F /* test.meta */,
			);
			path = metagen;
			sourceTree = "<group>";
		};
		4BFC7A3B2D5FDB490053200F /* mdesk */ = {
			isa = PBXGroup;
			children = (
				4BFC7A392D5FDB490053200F /* mdesk.h */,
				4BFC7A3A2D5FDB490053200F /* mdesk.c */,
			);
			path = mdesk;
			sourceTree = "<group>";
		};
/* End PBXGroup section */

/* Begin PBXProject section */
		4BEA6DEE2D22151800FB4CF2 /* Project object */ = {
			isa = PBXProject;
			attributes = {
				BuildIndependentTargetsInParallel = 1;
				LastUpgradeCheck = 1620;
			};
			buildConfigurationList = 4BEA6DF12D22151800FB4CF2 /* Build configuration list for PBXProject "root_c" */;
			developmentRegion = en;
			hasScannedForEncodings = 0;
			knownRegions = (
				en,
				Base,
			);
			mainGroup = 4BEA6DED2D22151800FB4CF2;
			minimizedProjectReferenceProxies = 1;
			preferredProjectObjectVersion = 77;
			projectDirPath = "";
			projectRoot = "";
			targets = (
			);
		};
/* End PBXProject section */

/* Begin XCBuildConfiguration section */
		4BEA6DF22D22151800FB4CF2 /* Empty */ = {
			isa = XCBuildConfiguration;
			buildSettings = {
			};
			name = Empty;
		};
/* End XCBuildConfiguration section */

/* Begin XCConfigurationList section */
		4BEA6DF12D22151800FB4CF2 /* Build configuration list for PBXProject "root_c" */ = {
			isa = XCConfigurationList;
			buildConfigurations = (
				4BEA6DF22D22151800FB4CF2 /* Empty */,
			);
			defaultConfigurationIsVisible = 0;
			defaultConfigurationName = Empty;
		};
/* End XCConfigurationList section */
	};
	rootObject = 4BEA6DEE2D22151800FB4CF2 /* Project object */;
}
